// !$*UTF8*$!
{
	archiveVersion = 1;
	classes = {
	};
	objectVersion = 50;
	objects = {

/* Begin PBXBuildFile section */
		D274056D249B0A23001A2C05 /* AppDelegate.swift in Sources */ = {isa = PBXBuildFile; fileRef = D274056C249B0A23001A2C05 /* AppDelegate.swift */; };
		D274056F249B0A23001A2C05 /* SceneDelegate.swift in Sources */ = {isa = PBXBuildFile; fileRef = D274056E249B0A23001A2C05 /* SceneDelegate.swift */; };
		D2740571249B0A23001A2C05 /* ViewController.swift in Sources */ = {isa = PBXBuildFile; fileRef = D2740570249B0A23001A2C05 /* ViewController.swift */; };
		D2740574249B0A23001A2C05 /* Main.storyboard in Resources */ = {isa = PBXBuildFile; fileRef = D2740572249B0A23001A2C05 /* Main.storyboard */; };
		D2740576249B0A24001A2C05 /* Assets.xcassets in Resources */ = {isa = PBXBuildFile; fileRef = D2740575249B0A24001A2C05 /* Assets.xcassets */; };
		D2740579249B0A24001A2C05 /* LaunchScreen.storyboard in Resources */ = {isa = PBXBuildFile; fileRef = D2740577249B0A24001A2C05 /* LaunchScreen.storyboard */; };
		D2740584249B0A24001A2C05 /* ExampleTests.swift in Sources */ = {isa = PBXBuildFile; fileRef = D2740583249B0A24001A2C05 /* ExampleTests.swift */; };
		D274058F249B0A24001A2C05 /* ExampleUITests.swift in Sources */ = {isa = PBXBuildFile; fileRef = D274058E249B0A24001A2C05 /* ExampleUITests.swift */; };
/* End PBXBuildFile section */

/* Begin PBXContainerItemProxy section */
		D2740580249B0A24001A2C05 /* PBXContainerItemProxy */ = {
			isa = PBXContainerItemProxy;
			containerPortal = D2740561249B0A23001A2C05 /* Project object */;
			proxyType = 1;
			remoteGlobalIDString = D2740568249B0A23001A2C05;
			remoteInfo = Example;
		};
		D274058B249B0A24001A2C05 /* PBXContainerItemProxy */ = {
			isa = PBXContainerItemProxy;
			containerPortal = D2740561249B0A23001A2C05 /* Project object */;
			proxyType = 1;
			remoteGlobalIDString = D2740568249B0A23001A2C05;
			remoteInfo = Example;
		};
/* End PBXContainerItemProxy section */

/* Begin PBXFileReference section */
		D2740569249B0A23001A2C05 /* Example.app */ = {isa = PBXFileReference; explicitFileType = wrapper.application; includeInIndex = 0; path = Example.app; sourceTree = BUILT_PRODUCTS_DIR; };
		D274056C249B0A23001A2C05 /* AppDelegate.swift */ = {isa = PBXFileReference; lastKnownFileType = sourcecode.swift; path = AppDelegate.swift; sourceTree = "<group>"; };
		D274056E249B0A23001A2C05 /* SceneDelegate.swift */ = {isa = PBXFileReference; lastKnownFileType = sourcecode.swift; path = SceneDelegate.swift; sourceTree = "<group>"; };
		D2740570249B0A23001A2C05 /* ViewController.swift */ = {isa = PBXFileReference; lastKnownFileType = sourcecode.swift; path = ViewController.swift; sourceTree = "<group>"; };
		D2740573249B0A23001A2C05 /* Base */ = {isa = PBXFileReference; lastKnownFileType = file.storyboard; name = Base; path = Base.lproj/Main.storyboard; sourceTree = "<group>"; };
		D2740575249B0A24001A2C05 /* Assets.xcassets */ = {isa = PBXFileReference; lastKnownFileType = folder.assetcatalog; path = Assets.xcassets; sourceTree = "<group>"; };
		D2740578249B0A24001A2C05 /* Base */ = {isa = PBXFileReference; lastKnownFileType = file.storyboard; name = Base; path = Base.lproj/LaunchScreen.storyboard; sourceTree = "<group>"; };
		D274057A249B0A24001A2C05 /* Info.plist */ = {isa = PBXFileReference; lastKnownFileType = text.plist.xml; path = Info.plist; sourceTree = "<group>"; };
		D274057F249B0A24001A2C05 /* ExampleTests.xctest */ = {isa = PBXFileReference; explicitFileType = wrapper.cfbundle; includeInIndex = 0; path = ExampleTests.xctest; sourceTree = BUILT_PRODUCTS_DIR; };
		D2740583249B0A24001A2C05 /* ExampleTests.swift */ = {isa = PBXFileReference; lastKnownFileType = sourcecode.swift; path = ExampleTests.swift; sourceTree = "<group>"; };
		D2740585249B0A24001A2C05 /* Info.plist */ = {isa = PBXFileReference; lastKnownFileType = text.plist.xml; path = Info.plist; sourceTree = "<group>"; };
		D274058A249B0A24001A2C05 /* ExampleUITests.xctest */ = {isa = PBXFileReference; explicitFileType = wrapper.cfbundle; includeInIndex = 0; path = ExampleUITests.xctest; sourceTree = BUILT_PRODUCTS_DIR; };
		D274058E249B0A24001A2C05 /* ExampleUITests.swift */ = {isa = PBXFileReference; lastKnownFileType = sourcecode.swift; path = ExampleUITests.swift; sourceTree = "<group>"; };
		D2740590249B0A24001A2C05 /* Info.plist */ = {isa = PBXFileReference; lastKnownFileType = text.plist.xml; path = Info.plist; sourceTree = "<group>"; };
/* End PBXFileReference section */

/* Begin PBXFrameworksBuildPhase section */
		D2740566249B0A23001A2C05 /* Frameworks */ = {
			isa = PBXFrameworksBuildPhase;
			buildActionMask = 2147483647;
			files = (
			);
			runOnlyForDeploymentPostprocessing = 0;
		};
		D274057C249B0A24001A2C05 /* Frameworks */ = {
			isa = PBXFrameworksBuildPhase;
			buildActionMask = 2147483647;
			files = (
			);
			runOnlyForDeploymentPostprocessing = 0;
		};
		D2740587249B0A24001A2C05 /* Frameworks */ = {
			isa = PBXFrameworksBuildPhase;
			buildActionMask = 2147483647;
			files = (
			);
			runOnlyForDeploymentPostprocessing = 0;
		};
/* End PBXFrameworksBuildPhase section */

/* Begin PBXGroup section */
		D2740560249B0A23001A2C05 = {
			isa = PBXGroup;
			children = (
				D274056B249B0A23001A2C05 /* Example */,
				D2740582249B0A24001A2C05 /* ExampleTests */,
				D274058D249B0A24001A2C05 /* ExampleUITests */,
				D274056A249B0A23001A2C05 /* Products */,
			);
			sourceTree = "<group>";
		};
		D274056A249B0A23001A2C05 /* Products */ = {
			isa = PBXGroup;
			children = (
				D2740569249B0A23001A2C05 /* Example.app */,
				D274057F249B0A24001A2C05 /* ExampleTests.xctest */,
				D274058A249B0A24001A2C05 /* ExampleUITests.xctest */,
			);
			name = Products;
			sourceTree = "<group>";
		};
		D274056B249B0A23001A2C05 /* Example */ = {
			isa = PBXGroup;
			children = (
				D274056C249B0A23001A2C05 /* AppDelegate.swift */,
				D274056E249B0A23001A2C05 /* SceneDelegate.swift */,
				D2740570249B0A23001A2C05 /* ViewController.swift */,
				D2740572249B0A23001A2C05 /* Main.storyboard */,
				D2740575249B0A24001A2C05 /* Assets.xcassets */,
				D2740577249B0A24001A2C05 /* LaunchScreen.storyboard */,
				D274057A249B0A24001A2C05 /* Info.plist */,
			);
			path = Example;
			sourceTree = "<group>";
		};
		D2740582249B0A24001A2C05 /* ExampleTests */ = {
			isa = PBXGroup;
			children = (
				D2740583249B0A24001A2C05 /* ExampleTests.swift */,
				D2740585249B0A24001A2C05 /* Info.plist */,
			);
			path = ExampleTests;
			sourceTree = "<group>";
		};
		D274058D249B0A24001A2C05 /* ExampleUITests */ = {
			isa = PBXGroup;
			children = (
				D274058E249B0A24001A2C05 /* ExampleUITests.swift */,
				D2740590249B0A24001A2C05 /* Info.plist */,
			);
			path = ExampleUITests;
			sourceTree = "<group>";
		};
/* End PBXGroup section */

/* Begin PBXNativeTarget section */
		D2740568249B0A23001A2C05 /* Example */ = {
			isa = PBXNativeTarget;
			buildConfigurationList = D2740593249B0A24001A2C05 /* Build configuration list for PBXNativeTarget "Example" */;
			buildPhases = (
				D2740565249B0A23001A2C05 /* Sources */,
				D2740566249B0A23001A2C05 /* Frameworks */,
				D2740567249B0A23001A2C05 /* Resources */,
			);
			buildRules = (
			);
			dependencies = (
			);
			name = Example;
			productName = Example;
			productReference = D2740569249B0A23001A2C05 /* Example.app */;
			productType = "com.apple.product-type.application";
		};
		D274057E249B0A24001A2C05 /* ExampleTests */ = {
			isa = PBXNativeTarget;
			buildConfigurationList = D2740596249B0A24001A2C05 /* Build configuration list for PBXNativeTarget "ExampleTests" */;
			buildPhases = (
				D274057B249B0A24001A2C05 /* Sources */,
				D274057C249B0A24001A2C05 /* Frameworks */,
				D274057D249B0A24001A2C05 /* Resources */,
			);
			buildRules = (
			);
			dependencies = (
				D2740581249B0A24001A2C05 /* PBXTargetDependency */,
			);
			name = ExampleTests;
			productName = ExampleTests;
			productReference = D274057F249B0A24001A2C05 /* ExampleTests.xctest */;
			productType = "com.apple.product-type.bundle.unit-test";
		};
		D2740589249B0A24001A2C05 /* ExampleUITests */ = {
			isa = PBXNativeTarget;
			buildConfigurationList = D2740599249B0A24001A2C05 /* Build configuration list for PBXNativeTarget "ExampleUITests" */;
			buildPhases = (
				D2740586249B0A24001A2C05 /* Sources */,
				D2740587249B0A24001A2C05 /* Frameworks */,
				D2740588249B0A24001A2C05 /* Resources */,
			);
			buildRules = (
			);
			dependencies = (
				D274058C249B0A24001A2C05 /* PBXTargetDependency */,
			);
			name = ExampleUITests;
			productName = ExampleUITests;
			productReference = D274058A249B0A24001A2C05 /* ExampleUITests.xctest */;
			productType = "com.apple.product-type.bundle.ui-testing";
		};
/* End PBXNativeTarget section */

/* Begin PBXProject section */
		D2740561249B0A23001A2C05 /* Project object */ = {
			isa = PBXProject;
			attributes = {
				LastSwiftUpdateCheck = 1150;
				LastUpgradeCheck = 1150;
				ORGANIZATIONNAME = "Hoang Nguyen Chi";
				TargetAttributes = {
					D2740568249B0A23001A2C05 = {
						CreatedOnToolsVersion = 11.5;
					};
					D274057E249B0A24001A2C05 = {
						CreatedOnToolsVersion = 11.5;
						TestTargetID = D2740568249B0A23001A2C05;
					};
					D2740589249B0A24001A2C05 = {
						CreatedOnToolsVersion = 11.5;
						TestTargetID = D2740568249B0A23001A2C05;
					};
				};
			};
			buildConfigurationList = D2740564249B0A23001A2C05 /* Build configuration list for PBXProject "Example" */;
			compatibilityVersion = "Xcode 9.3";
			developmentRegion = en;
			hasScannedForEncodings = 0;
			knownRegions = (
				en,
				Base,
			);
			mainGroup = D2740560249B0A23001A2C05;
			productRefGroup = D274056A249B0A23001A2C05 /* Products */;
			projectDirPath = "";
			projectRoot = "";
			targets = (
				D2740568249B0A23001A2C05 /* Example */,
				D274057E249B0A24001A2C05 /* ExampleTests */,
				D2740589249B0A24001A2C05 /* ExampleUITests */,
			);
		};
/* End PBXProject section */

/* Begin PBXResourcesBuildPhase section */
		D2740567249B0A23001A2C05 /* Resources */ = {
			isa = PBXResourcesBuildPhase;
			buildActionMask = 2147483647;
			files = (
				D2740579249B0A24001A2C05 /* LaunchScreen.storyboard in Resources */,
				D2740576249B0A24001A2C05 /* Assets.xcassets in Resources */,
				D2740574249B0A23001A2C05 /* Main.storyboard in Resources */,
			);
			runOnlyForDeploymentPostprocessing = 0;
		};
		D274057D249B0A24001A2C05 /* Resources */ = {
			isa = PBXResourcesBuildPhase;
			buildActionMask = 2147483647;
			files = (
			);
			runOnlyForDeploymentPostprocessing = 0;
		};
		D2740588249B0A24001A2C05 /* Resources */ = {
			isa = PBXResourcesBuildPhase;
			buildActionMask = 2147483647;
			files = (
			);
			runOnlyForDeploymentPostprocessing = 0;
		};
/* End PBXResourcesBuildPhase section */

/* Begin PBXSourcesBuildPhase section */
		D2740565249B0A23001A2C05 /* Sources */ = {
			isa = PBXSourcesBuildPhase;
			buildActionMask = 2147483647;
			files = (
				D2740571249B0A23001A2C05 /* ViewController.swift in Sources */,
				D274056D249B0A23001A2C05 /* AppDelegate.swift in Sources */,
				D274056F249B0A23001A2C05 /* SceneDelegate.swift in Sources */,
			);
			runOnlyForDeploymentPostprocessing = 0;
		};
		D274057B249B0A24001A2C05 /* Sources */ = {
			isa = PBXSourcesBuildPhase;
			buildActionMask = 2147483647;
			files = (
				D2740584249B0A24001A2C05 /* ExampleTests.swift in Sources */,
			);
			runOnlyForDeploymentPostprocessing = 0;
		};
		D2740586249B0A24001A2C05 /* Sources */ = {
			isa = PBXSourcesBuildPhase;
			buildActionMask = 2147483647;
			files = (
				D274058F249B0A24001A2C05 /* ExampleUITests.swift in Sources */,
			);
			runOnlyForDeploymentPostprocessing = 0;
		};
/* End PBXSourcesBuildPhase section */

/* Begin PBXTargetDependency section */
		D2740581249B0A24001A2C05 /* PBXTargetDependency */ = {
			isa = PBXTargetDependency;
			target = D2740568249B0A23001A2C05 /* Example */;
			targetProxy = D2740580249B0A24001A2C05 /* PBXContainerItemProxy */;
		};
		D274058C249B0A24001A2C05 /* PBXTargetDependency */ = {
			isa = PBXTargetDependency;
			target = D2740568249B0A23001A2C05 /* Example */;
			targetProxy = D274058B249B0A24001A2C05 /* PBXContainerItemProxy */;
		};
/* End PBXTargetDependency section */

/* Begin PBXVariantGroup section */
		D2740572249B0A23001A2C05 /* Main.storyboard */ = {
			isa = PBXVariantGroup;
			children = (
				D2740573249B0A23001A2C05 /* Base */,
			);
			name = Main.storyboard;
			sourceTree = "<group>";
		};
		D2740577249B0A24001A2C05 /* LaunchScreen.storyboard */ = {
			isa = PBXVariantGroup;
			children = (
				D2740578249B0A24001A2C05 /* Base */,
			);
			name = LaunchScreen.storyboard;
			sourceTree = "<group>";
		};
/* End PBXVariantGroup section */

/* Begin XCBuildConfiguration section */
		D2740591249B0A24001A2C05 /* Debug */ = {
			isa = XCBuildConfiguration;
			buildSettings = {
				ALWAYS_SEARCH_USER_PATHS = NO;
				CLANG_ANALYZER_NONNULL = YES;
				CLANG_ANALYZER_NUMBER_OBJECT_CONVERSION = YES_AGGRESSIVE;
				CLANG_CXX_LANGUAGE_STANDARD = "gnu++14";
				CLANG_CXX_LIBRARY = "libc++";
				CLANG_ENABLE_MODULES = YES;
				CLANG_ENABLE_OBJC_ARC = YES;
				CLANG_ENABLE_OBJC_WEAK = YES;
				CLANG_WARN_BLOCK_CAPTURE_AUTORELEASING = YES;
				CLANG_WARN_BOOL_CONVERSION = YES;
				CLANG_WARN_COMMA = YES;
				CLANG_WARN_CONSTANT_CONVERSION = YES;
				CLANG_WARN_DEPRECATED_OBJC_IMPLEMENTATIONS = YES;
				CLANG_WARN_DIRECT_OBJC_ISA_USAGE = YES_ERROR;
				CLANG_WARN_DOCUMENTATION_COMMENTS = YES;
				CLANG_WARN_EMPTY_BODY = YES;
				CLANG_WARN_ENUM_CONVERSION = YES;
				CLANG_WARN_INFINITE_RECURSION = YES;
				CLANG_WARN_INT_CONVERSION = YES;
				CLANG_WARN_NON_LITERAL_NULL_CONVERSION = YES;
				CLANG_WARN_OBJC_IMPLICIT_RETAIN_SELF = YES;
				CLANG_WARN_OBJC_LITERAL_CONVERSION = YES;
				CLANG_WARN_OBJC_ROOT_CLASS = YES_ERROR;
				CLANG_WARN_RANGE_LOOP_ANALYSIS = YES;
				CLANG_WARN_STRICT_PROTOTYPES = YES;
				CLANG_WARN_SUSPICIOUS_MOVE = YES;
				CLANG_WARN_UNGUARDED_AVAILABILITY = YES_AGGRESSIVE;
				CLANG_WARN_UNREACHABLE_CODE = YES;
				CLANG_WARN__DUPLICATE_METHOD_MATCH = YES;
				COPY_PHASE_STRIP = NO;
				DEBUG_INFORMATION_FORMAT = dwarf;
				ENABLE_STRICT_OBJC_MSGSEND = YES;
				ENABLE_TESTABILITY = YES;
				GCC_C_LANGUAGE_STANDARD = gnu11;
				GCC_DYNAMIC_NO_PIC = NO;
				GCC_NO_COMMON_BLOCKS = YES;
				GCC_OPTIMIZATION_LEVEL = 0;
				GCC_PREPROCESSOR_DEFINITIONS = (
					"DEBUG=1",
					"$(inherited)",
				);
				GCC_WARN_64_TO_32_BIT_CONVERSION = YES;
				GCC_WARN_ABOUT_RETURN_TYPE = YES_ERROR;
				GCC_WARN_UNDECLARED_SELECTOR = YES;
				GCC_WARN_UNINITIALIZED_AUTOS = YES_AGGRESSIVE;
				GCC_WARN_UNUSED_FUNCTION = YES;
				GCC_WARN_UNUSED_VARIABLE = YES;
				IPHONEOS_DEPLOYMENT_TARGET = 13.5;
				MTL_ENABLE_DEBUG_INFO = INCLUDE_SOURCE;
				MTL_FAST_MATH = YES;
				ONLY_ACTIVE_ARCH = YES;
				SDKROOT = iphoneos;
				SWIFT_ACTIVE_COMPILATION_CONDITIONS = DEBUG;
				SWIFT_OPTIMIZATION_LEVEL = "-Onone";
			};
			name = Debug;
		};
		D2740592249B0A24001A2C05 /* Release */ = {
			isa = XCBuildConfiguration;
			buildSettings = {
				ALWAYS_SEARCH_USER_PATHS = NO;
				CLANG_ANALYZER_NONNULL = YES;
				CLANG_ANALYZER_NUMBER_OBJECT_CONVERSION = YES_AGGRESSIVE;
				CLANG_CXX_LANGUAGE_STANDARD = "gnu++14";
				CLANG_CXX_LIBRARY = "libc++";
				CLANG_ENABLE_MODULES = YES;
				CLANG_ENABLE_OBJC_ARC = YES;
				CLANG_ENABLE_OBJC_WEAK = YES;
				CLANG_WARN_BLOCK_CAPTURE_AUTORELEASING = YES;
				CLANG_WARN_BOOL_CONVERSION = YES;
				CLANG_WARN_COMMA = YES;
				CLANG_WARN_CONSTANT_CONVERSION = YES;
				CLANG_WARN_DEPRECATED_OBJC_IMPLEMENTATIONS = YES;
				CLANG_WARN_DIRECT_OBJC_ISA_USAGE = YES_ERROR;
				CLANG_WARN_DOCUMENTATION_COMMENTS = YES;
				CLANG_WARN_EMPTY_BODY = YES;
				CLANG_WARN_ENUM_CONVERSION = YES;
				CLANG_WARN_INFINITE_RECURSION = YES;
				CLANG_WARN_INT_CONVERSION = YES;
				CLANG_WARN_NON_LITERAL_NULL_CONVERSION = YES;
				CLANG_WARN_OBJC_IMPLICIT_RETAIN_SELF = YES;
				CLANG_WARN_OBJC_LITERAL_CONVERSION = YES;
				CLANG_WARN_OBJC_ROOT_CLASS = YES_ERROR;
				CLANG_WARN_RANGE_LOOP_ANALYSIS = YES;
				CLANG_WARN_STRICT_PROTOTYPES = YES;
				CLANG_WARN_SUSPICIOUS_MOVE = YES;
				CLANG_WARN_UNGUARDED_AVAILABILITY = YES_AGGRESSIVE;
				CLANG_WARN_UNREACHABLE_CODE = YES;
				CLANG_WARN__DUPLICATE_METHOD_MATCH = YES;
				COPY_PHASE_STRIP = NO;
				DEBUG_INFORMATION_FORMAT = "dwarf-with-dsym";
				ENABLE_NS_ASSERTIONS = NO;
				ENABLE_STRICT_OBJC_MSGSEND = YES;
				GCC_C_LANGUAGE_STANDARD = gnu11;
				GCC_NO_COMMON_BLOCKS = YES;
				GCC_WARN_64_TO_32_BIT_CONVERSION = YES;
				GCC_WARN_ABOUT_RETURN_TYPE = YES_ERROR;
				GCC_WARN_UNDECLARED_SELECTOR = YES;
				GCC_WARN_UNINITIALIZED_AUTOS = YES_AGGRESSIVE;
				GCC_WARN_UNUSED_FUNCTION = YES;
				GCC_WARN_UNUSED_VARIABLE = YES;
				IPHONEOS_DEPLOYMENT_TARGET = 13.5;
				MTL_ENABLE_DEBUG_INFO = NO;
				MTL_FAST_MATH = YES;
				SDKROOT = iphoneos;
				SWIFT_COMPILATION_MODE = wholemodule;
				SWIFT_OPTIMIZATION_LEVEL = "-O";
				VALIDATE_PRODUCT = YES;
			};
			name = Release;
		};
		D2740594249B0A24001A2C05 /* Debug */ = {
			isa = XCBuildConfiguration;
			buildSettings = {
				ASSETCATALOG_COMPILER_APPICON_NAME = AppIcon;
				CODE_SIGN_STYLE = Automatic;
				INFOPLIST_FILE = Example/Info.plist;
				LD_RUNPATH_SEARCH_PATHS = (
					"$(inherited)",
					"@executable_path/Frameworks",
				);
				PRODUCT_BUNDLE_IDENTIFIER = "Chi-Hoang-Nguyen.Example";
				PRODUCT_NAME = "$(TARGET_NAME)";
				SWIFT_VERSION = 5.0;
				TARGETED_DEVICE_FAMILY = "1,2";
			};
			name = Debug;
		};
		D2740595249B0A24001A2C05 /* Release */ = {
			isa = XCBuildConfiguration;
			buildSettings = {
				ASSETCATALOG_COMPILER_APPICON_NAME = AppIcon;
				CODE_SIGN_STYLE = Automatic;
				INFOPLIST_FILE = Example/Info.plist;
				LD_RUNPATH_SEARCH_PATHS = (
					"$(inherited)",
					"@executable_path/Frameworks",
				);
				PRODUCT_BUNDLE_IDENTIFIER = "Chi-Hoang-Nguyen.Example";
				PRODUCT_NAME = "$(TARGET_NAME)";
				SWIFT_VERSION = 5.0;
				TARGETED_DEVICE_FAMILY = "1,2";
			};
			name = Release;
		};
		D2740597249B0A24001A2C05 /* Debug */ = {
			isa = XCBuildConfiguration;
			buildSettings = {
				ALWAYS_EMBED_SWIFT_STANDARD_LIBRARIES = YES;
				BUNDLE_LOADER = "$(TEST_HOST)";
				CODE_SIGN_STYLE = Automatic;
				INFOPLIST_FILE = ExampleTests/Info.plist;
				IPHONEOS_DEPLOYMENT_TARGET = 13.5;
				LD_RUNPATH_SEARCH_PATHS = (
					"$(inherited)",
					"@executable_path/Frameworks",
					"@loader_path/Frameworks",
				);
				PRODUCT_BUNDLE_IDENTIFIER = "Chi-Hoang-Nguyen.ExampleTests";
				PRODUCT_NAME = "$(TARGET_NAME)";
				SWIFT_VERSION = 5.0;
				TARGETED_DEVICE_FAMILY = "1,2";
				TEST_HOST = "$(BUILT_PRODUCTS_DIR)/Example.app/Example";
			};
			name = Debug;
		};
		D2740598249B0A24001A2C05 /* Release */ = {
			isa = XCBuildConfiguration;
			buildSettings = {
				ALWAYS_EMBED_SWIFT_STANDARD_LIBRARIES = YES;
				BUNDLE_LOADER = "$(TEST_HOST)";
				CODE_SIGN_STYLE = Automatic;
				INFOPLIST_FILE = ExampleTests/Info.plist;
				IPHONEOS_DEPLOYMENT_TARGET = 13.5;
				LD_RUNPATH_SEARCH_PATHS = (
					"$(inherited)",
					"@executable_path/Frameworks",
					"@loader_path/Frameworks",
				);
				PRODUCT_BUNDLE_IDENTIFIER = "Chi-Hoang-Nguyen.ExampleTests";
				PRODUCT_NAME = "$(TARGET_NAME)";
				SWIFT_VERSION = 5.0;
				TARGETED_DEVICE_FAMILY = "1,2";
				TEST_HOST = "$(BUILT_PRODUCTS_DIR)/Example.app/Example";
			};
			name = Release;
		};
		D274059A249B0A24001A2C05 /* Debug */ = {
			isa = XCBuildConfiguration;
			buildSettings = {
				ALWAYS_EMBED_SWIFT_STANDARD_LIBRARIES = YES;
				CODE_SIGN_STYLE = Automatic;
				INFOPLIST_FILE = ExampleUITests/Info.plist;
				LD_RUNPATH_SEARCH_PATHS = (
					"$(inherited)",
					"@executable_path/Frameworks",
					"@loader_path/Frameworks",
				);
				PRODUCT_BUNDLE_IDENTIFIER = "Chi-Hoang-Nguyen.ExampleUITests";
				PRODUCT_NAME = "$(TARGET_NAME)";
				SWIFT_VERSION = 5.0;
				TARGETED_DEVICE_FAMILY = "1,2";
				TEST_TARGET_NAME = Example;
			};
			name = Debug;
		};
		D274059B249B0A24001A2C05 /* Release */ = {
			isa = XCBuildConfiguration;
			buildSettings = {
				ALWAYS_EMBED_SWIFT_STANDARD_LIBRARIES = YES;
				CODE_SIGN_STYLE = Automatic;
				INFOPLIST_FILE = ExampleUITests/Info.plist;
				LD_RUNPATH_SEARCH_PATHS = (
					"$(inherited)",
					"@executable_path/Frameworks",
					"@loader_path/Frameworks",
				);
				PRODUCT_BUNDLE_IDENTIFIER = "Chi-Hoang-Nguyen.ExampleUITests";
				PRODUCT_NAME = "$(TARGET_NAME)";
				SWIFT_VERSION = 5.0;
				TARGETED_DEVICE_FAMILY = "1,2";
				TEST_TARGET_NAME = Example;
			};
			name = Release;
		};
/* End XCBuildConfiguration section */

/* Begin XCConfigurationList section */
		D2740564249B0A23001A2C05 /* Build configuration list for PBXProject "Example" */ = {
			isa = XCConfigurationList;
			buildConfigurations = (
				D2740591249B0A24001A2C05 /* Debug */,
				D2740592249B0A24001A2C05 /* Release */,
			);
			defaultConfigurationIsVisible = 0;
			defaultConfigurationName = Release;
		};
		D2740593249B0A24001A2C05 /* Build configuration list for PBXNativeTarget "Example" */ = {
			isa = XCConfigurationList;
			buildConfigurations = (
				D2740594249B0A24001A2C05 /* Debug */,
				D2740595249B0A24001A2C05 /* Release */,
			);
			defaultConfigurationIsVisible = 0;
			defaultConfigurationName = Release;
		};
		D2740596249B0A24001A2C05 /* Build configuration list for PBXNativeTarget "ExampleTests" */ = {
			isa = XCConfigurationList;
			buildConfigurations = (
				D2740597249B0A24001A2C05 /* Debug */,
				D2740598249B0A24001A2C05 /* Release */,
			);
			defaultConfigurationIsVisible = 0;
			defaultConfigurationName = Release;
		};
		D2740599249B0A24001A2C05 /* Build configuration list for PBXNativeTarget "ExampleUITests" */ = {
			isa = XCConfigurationList;
			buildConfigurations = (
				D274059A249B0A24001A2C05 /* Debug */,
				D274059B249B0A24001A2C05 /* Release */,
			);
			defaultConfigurationIsVisible = 0;
			defaultConfigurationName = Release;
		};
/* End XCConfigurationList section */
	};
	rootObject = D2740561249B0A23001A2C05 /* Project object */;
}
